
Microsoft Visual Studio Solution File, Format Version 12.00
# Visual Studio Version 17
VisualStudioVersion = 17.4.33205.214
MinimumVisualStudioVersion = 10.0.40219.1
Project("{54A90642-561A-4BB1-A94E-469ADEE60C69}") = "user_interface", "User_Interface\user_interface.esproj", "{7A6C9B94-D69B-49D2-8E4A-66D66EA3819C}"
EndProject
Global
	GlobalSection(SolutionConfigurationPlatforms) = preSolution
		Debug|Any CPU = Debug|Any CPU
		Release|Any CPU = Release|Any CPU
	EndGlobalSection
	GlobalSection(ProjectConfigurationPlatforms) = postSolution
		{7A6C9B94-D69B-49D2-8E4A-66D66EA3819C}.Debug|Any CPU.ActiveCfg = Debug|Any CPU
		{7A6C9B94-D69B-49D2-8E4A-66D66EA3819C}.Debug|Any CPU.Build.0 = Debug|Any CPU
		{7A6C9B94-D69B-49D2-8E4A-66D66EA3819C}.Debug|Any CPU.Deploy.0 = Debug|Any CPU
		{7A6C9B94-D69B-49D2-8E4A-66D66EA3819C}.Release|Any CPU.ActiveCfg = Release|Any CPU
		{7A6C9B94-D69B-49D2-8E4A-66D66EA3819C}.Release|Any CPU.Build.0 = Release|Any CPU
		{7A6C9B94-D69B-49D2-8E4A-66D66EA3819C}.Release|Any CPU.Deploy.0 = Release|Any CPU
	EndGlobalSection
	GlobalSection(SolutionProperties) = preSolution
		HideSolutionNode = FALSE
	EndGlobalSection
	GlobalSection(ExtensibilityGlobals) = postSolution
		SolutionGuid = {4B96F2FF-CFED-4E33-A691-B7159917DBE1}
	EndGlobalSection
EndGlobal
